
Microsoft Visual Studio Solution File, Format Version 12.00
# Visual Studio Version 16
VisualStudioVersion = 16.0.32602.291
MinimumVisualStudioVersion = 10.0.40219.1
Project("{8BC9CEB8-8B4A-11D0-8D11-00A0C91BC942}") = "HashTableChainingFINAL", "HashTableChainingFINAL.vcxproj", "{60861640-1EF2-4823-B415-06769BEA1A99}"
EndProject
Global
	GlobalSection(SolutionConfigurationPlatforms) = preSolution
		Debug|x64 = Debug|x64
		Debug|x86 = Debug|x86
		Release|x64 = Release|x64
		Release|x86 = Release|x86
	EndGlobalSection
	GlobalSection(ProjectConfigurationPlatforms) = postSolution
		{60861640-1EF2-4823-B415-06769BEA1A99}.Debug|x64.ActiveCfg = Debug|x64
		{60861640-1EF2-4823-B415-06769BEA1A99}.Debug|x64.Build.0 = Debug|x64
		{60861640-1EF2-4823-B415-06769BEA1A99}.Debug|x86.ActiveCfg = Debug|Win32
		{60861640-1EF2-4823-B415-06769BEA1A99}.Debug|x86.Build.0 = Debug|Win32
		{60861640-1EF2-4823-B415-06769BEA1A99}.Release|x64.ActiveCfg = Release|x64
		{60861640-1EF2-4823-B415-06769BEA1A99}.Release|x64.Build.0 = Release|x64
		{60861640-1EF2-4823-B415-06769BEA1A99}.Release|x86.ActiveCfg = Release|Win32
		{60861640-1EF2-4823-B415-06769BEA1A99}.Release|x86.Build.0 = Release|Win32
	EndGlobalSection
	GlobalSection(SolutionProperties) = preSolution
		HideSolutionNode = FALSE
	EndGlobalSection
	GlobalSection(ExtensibilityGlobals) = postSolution
		SolutionGuid = {BA344AAE-57AB-419B-8AED-6464451A5D80}
	EndGlobalSection
EndGlobal
